
Microsoft Visual Studio Solution File, Format Version 12.00
# Visual Studio 15
VisualStudioVersion = 15.0.26730.16
MinimumVisualStudioVersion = 10.0.40219.1
Project("{8BC9CEB8-8B4A-11D0-8D11-00A0C91BC942}") = "NML", "NML\NML.vcxproj", "{F49F681A-C231-46F2-871C-25529E24177C}"
EndProject
Global
	GlobalSection(SolutionConfigurationPlatforms) = preSolution
		Debug|x64 = Debug|x64
		Debug|x86 = Debug|x86
		Release|x64 = Release|x64
		Release|x86 = Release|x86
	EndGlobalSection
	GlobalSection(ProjectConfigurationPlatforms) = postSolution
		{F49F681A-C231-46F2-871C-25529E24177C}.Debug|x64.ActiveCfg = Debug|x64
		{F49F681A-C231-46F2-871C-25529E24177C}.Debug|x64.Build.0 = Debug|x64
		{F49F681A-C231-46F2-871C-25529E24177C}.Debug|x86.ActiveCfg = Debug|Win32
		{F49F681A-C231-46F2-871C-25529E24177C}.Debug|x86.Build.0 = Debug|Win32
		{F49F681A-C231-46F2-871C-25529E24177C}.Release|x64.ActiveCfg = Release|x64
		{F49F681A-C231-46F2-871C-25529E24177C}.Release|x64.Build.0 = Release|x64
		{F49F681A-C231-46F2-871C-25529E24177C}.Release|x86.ActiveCfg = Release|Win32
		{F49F681A-C231-46F2-871C-25529E24177C}.Release|x86.Build.0 = Release|Win32
	EndGlobalSection
	GlobalSection(SolutionProperties) = preSolution
		HideSolutionNode = FALSE
	EndGlobalSection
	GlobalSection(ExtensibilityGlobals) = postSolution
		SolutionGuid = {78D8BBD4-879D-4445-8E91-C9108CA7A3F3}
	EndGlobalSection
EndGlobal
